
Microsoft Visual Studio Solution File, Format Version 12.00
# Visual Studio Version 16
VisualStudioVersion = 16.0.29806.167
MinimumVisualStudioVersion = 10.0.40219.1
Project("{8BC9CEB8-8B4A-11D0-8D11-00A0C91BC942}") = "PremierLeague", "PremierLeague\PremierLeague.vcxproj", "{EB020F13-0EEF-4B48-A53C-A92C658A3A49}"
EndProject
Global
	GlobalSection(SolutionConfigurationPlatforms) = preSolution
		Debug|x64 = Debug|x64
		Debug|x86 = Debug|x86
		Release|x64 = Release|x64
		Release|x86 = Release|x86
	EndGlobalSection
	GlobalSection(ProjectConfigurationPlatforms) = postSolution
		{EB020F13-0EEF-4B48-A53C-A92C658A3A49}.Debug|x64.ActiveCfg = Debug|x64
		{EB020F13-0EEF-4B48-A53C-A92C658A3A49}.Debug|x64.Build.0 = Debug|x64
		{EB020F13-0EEF-4B48-A53C-A92C658A3A49}.Debug|x86.ActiveCfg = Debug|Win32
		{EB020F13-0EEF-4B48-A53C-A92C658A3A49}.Debug|x86.Build.0 = Debug|Win32
		{EB020F13-0EEF-4B48-A53C-A92C658A3A49}.Release|x64.ActiveCfg = Release|x64
		{EB020F13-0EEF-4B48-A53C-A92C658A3A49}.Release|x64.Build.0 = Release|x64
		{EB020F13-0EEF-4B48-A53C-A92C658A3A49}.Release|x86.ActiveCfg = Release|Win32
		{EB020F13-0EEF-4B48-A53C-A92C658A3A49}.Release|x86.Build.0 = Release|Win32
	EndGlobalSection
	GlobalSection(SolutionProperties) = preSolution
		HideSolutionNode = FALSE
	EndGlobalSection
	GlobalSection(ExtensibilityGlobals) = postSolution
		SolutionGuid = {4F109FD5-935D-4DF6-AB09-997E642E1357}
	EndGlobalSection
EndGlobal
